
Microsoft Visual Studio Solution File, Format Version 12.00
# Visual Studio Version 17
VisualStudioVersion = 17.8.34330.188
MinimumVisualStudioVersion = 10.0.40219.1
Project("{9A19103F-16F7-4668-BE54-9A1E7A4F7556}") = "Mindbox.ShapeAreaCalculator.Web.Api", "Mindobox.ShapeAreaCalculator.Web.Api\Mindbox.ShapeAreaCalculator.Web.Api.csproj", "{C9AB1949-6C15-4C58-8F07-671F1C66B5F7}"
EndProject
Project("{2150E333-8FDC-42A3-9474-1A3956D46DE8}") = "Src", "Src", "{83690DFB-EA38-489C-8E69-AC7D77717497}"
EndProject
Project("{2150E333-8FDC-42A3-9474-1A3956D46DE8}") = "Docs", "Docs", "{3872920B-A564-4079-A8B1-BB03BF8CD21B}"
EndProject
Project("{2150E333-8FDC-42A3-9474-1A3956D46DE8}") = "Tests", "Tests", "{8D024374-FBE8-41ED-A1B2-C126DBE1AA01}"
EndProject
Project("{2150E333-8FDC-42A3-9474-1A3956D46DE8}") = "Core", "Core", "{4117CA19-8DCB-4F90-95CB-5E3341F48CC6}"
EndProject
Project("{2150E333-8FDC-42A3-9474-1A3956D46DE8}") = "Infrastructure", "Infrastructure", "{8DE30020-C70C-4ACC-A3CF-4C5B58B34EC7}"
EndProject
Project("{2150E333-8FDC-42A3-9474-1A3956D46DE8}") = "Presentation", "Presentation", "{A0A5DAF2-FA8D-408A-BC69-4032132F494E}"
EndProject
Project("{9A19103F-16F7-4668-BE54-9A1E7A4F7556}") = "Mindbox.ShapeAreaCalculator.Infrastructure", "Mindbox.ShapeAreaCalculator.Infrastructure\Mindbox.ShapeAreaCalculator.Infrastructure.csproj", "{418CEF4D-B9E9-49E6-BD21-B392F41B5E72}"
EndProject
Project("{FAE04EC0-301F-11D3-BF4B-00C04F79EFBC}") = "Mindbox.ShapeAreaCalculator.Application", "Mindbox.ShapeAreaCalculator.Application\Mindbox.ShapeAreaCalculator.Application.csproj", "{1E5A5C86-DF86-4B5D-83EF-10B48CA68198}"
EndProject
Project("{FAE04EC0-301F-11D3-BF4B-00C04F79EFBC}") = "Mindbox.ShapeAreaCalculator.Common", "Mindbox.ShapeAreaCalculator.Common\Mindbox.ShapeAreaCalculator.Common.csproj", "{CF8E3E1A-6BF1-4140-9D9E-8F7B8C0B1EFE}"
EndProject
Project("{FAE04EC0-301F-11D3-BF4B-00C04F79EFBC}") = "Mindbox.ShapeAreaCalculator.Domain", "Mindbox.ShapeAreaCalculator.Domain\Mindbox.ShapeAreaCalculator.Domain.csproj", "{56EF067A-BB37-4E48-B5FD-A971D75BD9F7}"
EndProject
Project("{FAE04EC0-301F-11D3-BF4B-00C04F79EFBC}") = "Mindbox.ShapeAreaCalculator.Persistence", "Mindbox.ShapeAreaCalculator.Persistence\Mindbox.ShapeAreaCalculator.Persistence.csproj", "{0D324F40-2103-4500-BD7D-0FB54F2537A1}"
EndProject
Global
	GlobalSection(SolutionConfigurationPlatforms) = preSolution
		Debug|Any CPU = Debug|Any CPU
		Release|Any CPU = Release|Any CPU
	EndGlobalSection
	GlobalSection(ProjectConfigurationPlatforms) = postSolution
		{C9AB1949-6C15-4C58-8F07-671F1C66B5F7}.Debug|Any CPU.ActiveCfg = Debug|Any CPU
		{C9AB1949-6C15-4C58-8F07-671F1C66B5F7}.Debug|Any CPU.Build.0 = Debug|Any CPU
		{C9AB1949-6C15-4C58-8F07-671F1C66B5F7}.Release|Any CPU.ActiveCfg = Release|Any CPU
		{C9AB1949-6C15-4C58-8F07-671F1C66B5F7}.Release|Any CPU.Build.0 = Release|Any CPU
		{418CEF4D-B9E9-49E6-BD21-B392F41B5E72}.Debug|Any CPU.ActiveCfg = Debug|Any CPU
		{418CEF4D-B9E9-49E6-BD21-B392F41B5E72}.Debug|Any CPU.Build.0 = Debug|Any CPU
		{418CEF4D-B9E9-49E6-BD21-B392F41B5E72}.Release|Any CPU.ActiveCfg = Release|Any CPU
		{418CEF4D-B9E9-49E6-BD21-B392F41B5E72}.Release|Any CPU.Build.0 = Release|Any CPU
		{1E5A5C86-DF86-4B5D-83EF-10B48CA68198}.Debug|Any CPU.ActiveCfg = Debug|Any CPU
		{1E5A5C86-DF86-4B5D-83EF-10B48CA68198}.Debug|Any CPU.Build.0 = Debug|Any CPU
		{1E5A5C86-DF86-4B5D-83EF-10B48CA68198}.Release|Any CPU.ActiveCfg = Release|Any CPU
		{1E5A5C86-DF86-4B5D-83EF-10B48CA68198}.Release|Any CPU.Build.0 = Release|Any CPU
		{CF8E3E1A-6BF1-4140-9D9E-8F7B8C0B1EFE}.Debug|Any CPU.ActiveCfg = Debug|Any CPU
		{CF8E3E1A-6BF1-4140-9D9E-8F7B8C0B1EFE}.Debug|Any CPU.Build.0 = Debug|Any CPU
		{CF8E3E1A-6BF1-4140-9D9E-8F7B8C0B1EFE}.Release|Any CPU.ActiveCfg = Release|Any CPU
		{CF8E3E1A-6BF1-4140-9D9E-8F7B8C0B1EFE}.Release|Any CPU.Build.0 = Release|Any CPU
		{56EF067A-BB37-4E48-B5FD-A971D75BD9F7}.Debug|Any CPU.ActiveCfg = Debug|Any CPU
		{56EF067A-BB37-4E48-B5FD-A971D75BD9F7}.Debug|Any CPU.Build.0 = Debug|Any CPU
		{56EF067A-BB37-4E48-B5FD-A971D75BD9F7}.Release|Any CPU.ActiveCfg = Release|Any CPU
		{56EF067A-BB37-4E48-B5FD-A971D75BD9F7}.Release|Any CPU.Build.0 = Release|Any CPU
		{0D324F40-2103-4500-BD7D-0FB54F2537A1}.Debug|Any CPU.ActiveCfg = Debug|Any CPU
		{0D324F40-2103-4500-BD7D-0FB54F2537A1}.Debug|Any CPU.Build.0 = Debug|Any CPU
		{0D324F40-2103-4500-BD7D-0FB54F2537A1}.Release|Any CPU.ActiveCfg = Release|Any CPU
		{0D324F40-2103-4500-BD7D-0FB54F2537A1}.Release|Any CPU.Build.0 = Release|Any CPU
	EndGlobalSection
	GlobalSection(SolutionProperties) = preSolution
		HideSolutionNode = FALSE
	EndGlobalSection
	GlobalSection(NestedProjects) = preSolution
		{C9AB1949-6C15-4C58-8F07-671F1C66B5F7} = {A0A5DAF2-FA8D-408A-BC69-4032132F494E}
		{4117CA19-8DCB-4F90-95CB-5E3341F48CC6} = {83690DFB-EA38-489C-8E69-AC7D77717497}
		{8DE30020-C70C-4ACC-A3CF-4C5B58B34EC7} = {83690DFB-EA38-489C-8E69-AC7D77717497}
		{A0A5DAF2-FA8D-408A-BC69-4032132F494E} = {83690DFB-EA38-489C-8E69-AC7D77717497}
		{418CEF4D-B9E9-49E6-BD21-B392F41B5E72} = {8DE30020-C70C-4ACC-A3CF-4C5B58B34EC7}
		{1E5A5C86-DF86-4B5D-83EF-10B48CA68198} = {4117CA19-8DCB-4F90-95CB-5E3341F48CC6}
		{CF8E3E1A-6BF1-4140-9D9E-8F7B8C0B1EFE} = {4117CA19-8DCB-4F90-95CB-5E3341F48CC6}
		{56EF067A-BB37-4E48-B5FD-A971D75BD9F7} = {4117CA19-8DCB-4F90-95CB-5E3341F48CC6}
		{0D324F40-2103-4500-BD7D-0FB54F2537A1} = {8DE30020-C70C-4ACC-A3CF-4C5B58B34EC7}
	EndGlobalSection
	GlobalSection(ExtensibilityGlobals) = postSolution
		SolutionGuid = {D9C9E6AF-FE99-47A7-9B6F-518D25FD49C4}
	EndGlobalSection
EndGlobal
